
Microsoft Visual Studio Solution File, Format Version 12.00
# Visual Studio 2012
Project("{FAE04EC0-301F-11D3-BF4B-00C04F79EFBC}") = "EC.Console", "EC.Console\EC.Console.csproj", "{682E677D-3841-493A-99C9-56C66C8F87AA}"
EndProject
Project("{FAE04EC0-301F-11D3-BF4B-00C04F79EFBC}") = "EC.TestClient", "EC.TestClient\EC.TestClient.csproj", "{B4B632A0-A755-4C72-AE52-5FFD703A1247}"
EndProject
Project("{FAE04EC0-301F-11D3-BF4B-00C04F79EFBC}") = "EC.Clients", "EC.Clients\EC.Clients.csproj", "{D1FD3CCC-2196-4A35-BF7E-3EE294BD4047}"
EndProject
Project("{2150E333-8FDC-42A3-9474-1A3956D46DE8}") = "Samples", "Samples", "{303D42E3-943F-4E80-B113-A951D1E51936}"
EndProject
Project("{2150E333-8FDC-42A3-9474-1A3956D46DE8}") = "Helloword", "Helloword", "{3A6BEACB-EDC0-4422-BB21-A885B43FEDC5}"
EndProject
Project("{FAE04EC0-301F-11D3-BF4B-00C04F79EFBC}") = "HelloWord.Server", "Samples\HelloWord\HelloWord.Server\HelloWord.Server.csproj", "{82A8F6A5-A2BC-45BF-B4D7-36EB17C22941}"
EndProject
Project("{FAE04EC0-301F-11D3-BF4B-00C04F79EFBC}") = "Helloword.Client", "Samples\HelloWord\Helloword.Client\Helloword.Client.csproj", "{60B7F4BE-7E86-4502-A335-51425033D66B}"
EndProject
Project("{2150E333-8FDC-42A3-9474-1A3956D46DE8}") = "Chat", "Chat", "{7AD686F9-1352-4E10-A00B-975A3C773A76}"
EndProject
Project("{FAE04EC0-301F-11D3-BF4B-00C04F79EFBC}") = "Chat.Server", "Samples\Chat\Chat.Server\Chat.Server.csproj", "{B90EDF95-423F-49BF-8AE4-23DFFACB137A}"
EndProject
Project("{FAE04EC0-301F-11D3-BF4B-00C04F79EFBC}") = "Chat.Client", "Samples\Chat\Chat.Client\Chat.Client.csproj", "{76CC95D6-C7F5-4EFD-B933-8890CF2961E5}"
EndProject
Project("{2150E333-8FDC-42A3-9474-1A3956D46DE8}") = "FileTransfer", "FileTransfer", "{1811C0ED-57BA-4638-A9D8-05FCF16803F6}"
EndProject
Project("{2150E333-8FDC-42A3-9474-1A3956D46DE8}") = "DataAccess", "DataAccess", "{A3E79AAB-BA67-43A2-89BE-CF86B5BF4168}"
EndProject
Project("{FAE04EC0-301F-11D3-BF4B-00C04F79EFBC}") = "DataAccess.Server", "Samples\DataAccess\DataAccess.Server\DataAccess.Server.csproj", "{63B31B7A-9F25-46DA-8ADD-53DBD5943598}"
EndProject
Project("{FAE04EC0-301F-11D3-BF4B-00C04F79EFBC}") = "DataAccess.Client", "Samples\DataAccess\DataAccess.Client\DataAccess.Client.csproj", "{8F00BD49-7425-481E-9634-1F51C027210B}"
EndProject
Project("{FAE04EC0-301F-11D3-BF4B-00C04F79EFBC}") = "FileTransfer.Server", "Samples\FileTransfer\FileTransfer.Server\FileTransfer.Server.csproj", "{37FB913C-B44E-42E5-89EA-26D3D24F381C}"
EndProject
Project("{FAE04EC0-301F-11D3-BF4B-00C04F79EFBC}") = "FileTransfer.Client", "Samples\FileTransfer\FileTransfer.Client\FileTransfer.Client.csproj", "{80A19FF5-604B-4ED1-AAA0-EFDE105E5625}"
EndProject
Project("{FAE04EC0-301F-11D3-BF4B-00C04F79EFBC}") = "EC.SOATest", "EC.SOATest\EC.SOATest.csproj", "{A2957703-44D8-478E-81DE-39D682FD8E34}"
EndProject
Project("{2150E333-8FDC-42A3-9474-1A3956D46DE8}") = "Remoting", "Remoting", "{2BD3E327-C4E9-4AA9-946F-9049040432D5}"
EndProject
Project("{FAE04EC0-301F-11D3-BF4B-00C04F79EFBC}") = "Remoting.Server", "Samples\Remoting\Remoting.Server\Remoting.Server.csproj", "{EDB77D38-6EF3-414A-B71E-D81142DFD447}"
EndProject
Project("{FAE04EC0-301F-11D3-BF4B-00C04F79EFBC}") = "Remoting.Client", "Samples\Remoting\Remoting.Client\Remoting.Client.csproj", "{674A737E-F7D1-4925-BC4B-8E3882F86454}"
EndProject
Project("{FAE04EC0-301F-11D3-BF4B-00C04F79EFBC}") = "EC", "EC\EC.csproj", "{77D23D4A-2050-45D5-A7A8-A3D731D067A0}"
EndProject
Global
	GlobalSection(SolutionConfigurationPlatforms) = preSolution
		Debug|Any CPU = Debug|Any CPU
		Release|Any CPU = Release|Any CPU
	EndGlobalSection
	GlobalSection(ProjectConfigurationPlatforms) = postSolution
		{682E677D-3841-493A-99C9-56C66C8F87AA}.Debug|Any CPU.ActiveCfg = Debug|Any CPU
		{682E677D-3841-493A-99C9-56C66C8F87AA}.Debug|Any CPU.Build.0 = Debug|Any CPU
		{682E677D-3841-493A-99C9-56C66C8F87AA}.Release|Any CPU.ActiveCfg = Release|Any CPU
		{682E677D-3841-493A-99C9-56C66C8F87AA}.Release|Any CPU.Build.0 = Release|Any CPU
		{B4B632A0-A755-4C72-AE52-5FFD703A1247}.Debug|Any CPU.ActiveCfg = Debug|Any CPU
		{B4B632A0-A755-4C72-AE52-5FFD703A1247}.Debug|Any CPU.Build.0 = Debug|Any CPU
		{B4B632A0-A755-4C72-AE52-5FFD703A1247}.Release|Any CPU.ActiveCfg = Release|Any CPU
		{B4B632A0-A755-4C72-AE52-5FFD703A1247}.Release|Any CPU.Build.0 = Release|Any CPU
		{D1FD3CCC-2196-4A35-BF7E-3EE294BD4047}.Debug|Any CPU.ActiveCfg = Debug|Any CPU
		{D1FD3CCC-2196-4A35-BF7E-3EE294BD4047}.Debug|Any CPU.Build.0 = Debug|Any CPU
		{D1FD3CCC-2196-4A35-BF7E-3EE294BD4047}.Release|Any CPU.ActiveCfg = Release|Any CPU
		{D1FD3CCC-2196-4A35-BF7E-3EE294BD4047}.Release|Any CPU.Build.0 = Release|Any CPU
		{82A8F6A5-A2BC-45BF-B4D7-36EB17C22941}.Debug|Any CPU.ActiveCfg = Debug|Any CPU
		{82A8F6A5-A2BC-45BF-B4D7-36EB17C22941}.Debug|Any CPU.Build.0 = Debug|Any CPU
		{82A8F6A5-A2BC-45BF-B4D7-36EB17C22941}.Release|Any CPU.ActiveCfg = Release|Any CPU
		{82A8F6A5-A2BC-45BF-B4D7-36EB17C22941}.Release|Any CPU.Build.0 = Release|Any CPU
		{60B7F4BE-7E86-4502-A335-51425033D66B}.Debug|Any CPU.ActiveCfg = Debug|Any CPU
		{60B7F4BE-7E86-4502-A335-51425033D66B}.Debug|Any CPU.Build.0 = Debug|Any CPU
		{60B7F4BE-7E86-4502-A335-51425033D66B}.Release|Any CPU.ActiveCfg = Release|Any CPU
		{60B7F4BE-7E86-4502-A335-51425033D66B}.Release|Any CPU.Build.0 = Release|Any CPU
		{B90EDF95-423F-49BF-8AE4-23DFFACB137A}.Debug|Any CPU.ActiveCfg = Debug|Any CPU
		{B90EDF95-423F-49BF-8AE4-23DFFACB137A}.Debug|Any CPU.Build.0 = Debug|Any CPU
		{B90EDF95-423F-49BF-8AE4-23DFFACB137A}.Release|Any CPU.ActiveCfg = Release|Any CPU
		{B90EDF95-423F-49BF-8AE4-23DFFACB137A}.Release|Any CPU.Build.0 = Release|Any CPU
		{76CC95D6-C7F5-4EFD-B933-8890CF2961E5}.Debug|Any CPU.ActiveCfg = Debug|Any CPU
		{76CC95D6-C7F5-4EFD-B933-8890CF2961E5}.Debug|Any CPU.Build.0 = Debug|Any CPU
		{76CC95D6-C7F5-4EFD-B933-8890CF2961E5}.Release|Any CPU.ActiveCfg = Release|Any CPU
		{76CC95D6-C7F5-4EFD-B933-8890CF2961E5}.Release|Any CPU.Build.0 = Release|Any CPU
		{63B31B7A-9F25-46DA-8ADD-53DBD5943598}.Debug|Any CPU.ActiveCfg = Debug|Any CPU
		{63B31B7A-9F25-46DA-8ADD-53DBD5943598}.Debug|Any CPU.Build.0 = Debug|Any CPU
		{63B31B7A-9F25-46DA-8ADD-53DBD5943598}.Release|Any CPU.ActiveCfg = Release|Any CPU
		{63B31B7A-9F25-46DA-8ADD-53DBD5943598}.Release|Any CPU.Build.0 = Release|Any CPU
		{8F00BD49-7425-481E-9634-1F51C027210B}.Debug|Any CPU.ActiveCfg = Debug|Any CPU
		{8F00BD49-7425-481E-9634-1F51C027210B}.Debug|Any CPU.Build.0 = Debug|Any CPU
		{8F00BD49-7425-481E-9634-1F51C027210B}.Release|Any CPU.ActiveCfg = Release|Any CPU
		{8F00BD49-7425-481E-9634-1F51C027210B}.Release|Any CPU.Build.0 = Release|Any CPU
		{37FB913C-B44E-42E5-89EA-26D3D24F381C}.Debug|Any CPU.ActiveCfg = Debug|Any CPU
		{37FB913C-B44E-42E5-89EA-26D3D24F381C}.Debug|Any CPU.Build.0 = Debug|Any CPU
		{37FB913C-B44E-42E5-89EA-26D3D24F381C}.Release|Any CPU.ActiveCfg = Release|Any CPU
		{37FB913C-B44E-42E5-89EA-26D3D24F381C}.Release|Any CPU.Build.0 = Release|Any CPU
		{80A19FF5-604B-4ED1-AAA0-EFDE105E5625}.Debug|Any CPU.ActiveCfg = Debug|Any CPU
		{80A19FF5-604B-4ED1-AAA0-EFDE105E5625}.Debug|Any CPU.Build.0 = Debug|Any CPU
		{80A19FF5-604B-4ED1-AAA0-EFDE105E5625}.Release|Any CPU.ActiveCfg = Release|Any CPU
		{80A19FF5-604B-4ED1-AAA0-EFDE105E5625}.Release|Any CPU.Build.0 = Release|Any CPU
		{A2957703-44D8-478E-81DE-39D682FD8E34}.Debug|Any CPU.ActiveCfg = Debug|Any CPU
		{A2957703-44D8-478E-81DE-39D682FD8E34}.Debug|Any CPU.Build.0 = Debug|Any CPU
		{A2957703-44D8-478E-81DE-39D682FD8E34}.Release|Any CPU.ActiveCfg = Release|Any CPU
		{A2957703-44D8-478E-81DE-39D682FD8E34}.Release|Any CPU.Build.0 = Release|Any CPU
		{EDB77D38-6EF3-414A-B71E-D81142DFD447}.Debug|Any CPU.ActiveCfg = Debug|Any CPU
		{EDB77D38-6EF3-414A-B71E-D81142DFD447}.Debug|Any CPU.Build.0 = Debug|Any CPU
		{EDB77D38-6EF3-414A-B71E-D81142DFD447}.Release|Any CPU.ActiveCfg = Release|Any CPU
		{EDB77D38-6EF3-414A-B71E-D81142DFD447}.Release|Any CPU.Build.0 = Release|Any CPU
		{674A737E-F7D1-4925-BC4B-8E3882F86454}.Debug|Any CPU.ActiveCfg = Debug|Any CPU
		{674A737E-F7D1-4925-BC4B-8E3882F86454}.Debug|Any CPU.Build.0 = Debug|Any CPU
		{674A737E-F7D1-4925-BC4B-8E3882F86454}.Release|Any CPU.ActiveCfg = Release|Any CPU
		{674A737E-F7D1-4925-BC4B-8E3882F86454}.Release|Any CPU.Build.0 = Release|Any CPU
		{77D23D4A-2050-45D5-A7A8-A3D731D067A0}.Debug|Any CPU.ActiveCfg = Debug|Any CPU
		{77D23D4A-2050-45D5-A7A8-A3D731D067A0}.Debug|Any CPU.Build.0 = Debug|Any CPU
		{77D23D4A-2050-45D5-A7A8-A3D731D067A0}.Release|Any CPU.ActiveCfg = Release|Any CPU
		{77D23D4A-2050-45D5-A7A8-A3D731D067A0}.Release|Any CPU.Build.0 = Release|Any CPU
	EndGlobalSection
	GlobalSection(SolutionProperties) = preSolution
		HideSolutionNode = FALSE
	EndGlobalSection
	GlobalSection(NestedProjects) = preSolution
		{3A6BEACB-EDC0-4422-BB21-A885B43FEDC5} = {303D42E3-943F-4E80-B113-A951D1E51936}
		{7AD686F9-1352-4E10-A00B-975A3C773A76} = {303D42E3-943F-4E80-B113-A951D1E51936}
		{1811C0ED-57BA-4638-A9D8-05FCF16803F6} = {303D42E3-943F-4E80-B113-A951D1E51936}
		{A3E79AAB-BA67-43A2-89BE-CF86B5BF4168} = {303D42E3-943F-4E80-B113-A951D1E51936}
		{2BD3E327-C4E9-4AA9-946F-9049040432D5} = {303D42E3-943F-4E80-B113-A951D1E51936}
		{82A8F6A5-A2BC-45BF-B4D7-36EB17C22941} = {3A6BEACB-EDC0-4422-BB21-A885B43FEDC5}
		{60B7F4BE-7E86-4502-A335-51425033D66B} = {3A6BEACB-EDC0-4422-BB21-A885B43FEDC5}
		{B90EDF95-423F-49BF-8AE4-23DFFACB137A} = {7AD686F9-1352-4E10-A00B-975A3C773A76}
		{76CC95D6-C7F5-4EFD-B933-8890CF2961E5} = {7AD686F9-1352-4E10-A00B-975A3C773A76}
		{37FB913C-B44E-42E5-89EA-26D3D24F381C} = {1811C0ED-57BA-4638-A9D8-05FCF16803F6}
		{80A19FF5-604B-4ED1-AAA0-EFDE105E5625} = {1811C0ED-57BA-4638-A9D8-05FCF16803F6}
		{63B31B7A-9F25-46DA-8ADD-53DBD5943598} = {A3E79AAB-BA67-43A2-89BE-CF86B5BF4168}
		{8F00BD49-7425-481E-9634-1F51C027210B} = {A3E79AAB-BA67-43A2-89BE-CF86B5BF4168}
		{EDB77D38-6EF3-414A-B71E-D81142DFD447} = {2BD3E327-C4E9-4AA9-946F-9049040432D5}
		{674A737E-F7D1-4925-BC4B-8E3882F86454} = {2BD3E327-C4E9-4AA9-946F-9049040432D5}
	EndGlobalSection
EndGlobal
