
Microsoft Visual Studio Solution File, Format Version 12.00
# Visual Studio 2012
Project("{FAE04EC0-301F-11D3-BF4B-00C04F79EFBC}") = "FileTransfer.Server", "FileTransfer.Server\FileTransfer.Server.csproj", "{37FB913C-B44E-42E5-89EA-26D3D24F381C}"
EndProject
Project("{FAE04EC0-301F-11D3-BF4B-00C04F79EFBC}") = "FileTransfer.Client", "FileTransfer.Client\FileTransfer.Client.csproj", "{80A19FF5-604B-4ED1-AAA0-EFDE105E5625}"
EndProject
Global
	GlobalSection(SolutionConfigurationPlatforms) = preSolution
		Debug|Any CPU = Debug|Any CPU
		Release|Any CPU = Release|Any CPU
	EndGlobalSection
	GlobalSection(ProjectConfigurationPlatforms) = postSolution
		{37FB913C-B44E-42E5-89EA-26D3D24F381C}.Debug|Any CPU.ActiveCfg = Debug|Any CPU
		{37FB913C-B44E-42E5-89EA-26D3D24F381C}.Debug|Any CPU.Build.0 = Debug|Any CPU
		{37FB913C-B44E-42E5-89EA-26D3D24F381C}.Release|Any CPU.ActiveCfg = Release|Any CPU
		{37FB913C-B44E-42E5-89EA-26D3D24F381C}.Release|Any CPU.Build.0 = Release|Any CPU
		{80A19FF5-604B-4ED1-AAA0-EFDE105E5625}.Debug|Any CPU.ActiveCfg = Debug|Any CPU
		{80A19FF5-604B-4ED1-AAA0-EFDE105E5625}.Debug|Any CPU.Build.0 = Debug|Any CPU
		{80A19FF5-604B-4ED1-AAA0-EFDE105E5625}.Release|Any CPU.ActiveCfg = Release|Any CPU
		{80A19FF5-604B-4ED1-AAA0-EFDE105E5625}.Release|Any CPU.Build.0 = Release|Any CPU
	EndGlobalSection
	GlobalSection(SolutionProperties) = preSolution
		HideSolutionNode = FALSE
	EndGlobalSection
EndGlobal
