
Microsoft Visual Studio Solution File, Format Version 12.00
# Visual Studio 2012
Project("{FAE04EC0-301F-11D3-BF4B-00C04F79EFBC}") = "DataAccess.Server", "DataAccess.Server\DataAccess.Server.csproj", "{63B31B7A-9F25-46DA-8ADD-53DBD5943598}"
EndProject
Project("{FAE04EC0-301F-11D3-BF4B-00C04F79EFBC}") = "DataAccess.Client", "DataAccess.Client\DataAccess.Client.csproj", "{8F00BD49-7425-481E-9634-1F51C027210B}"
EndProject
Global
	GlobalSection(SolutionConfigurationPlatforms) = preSolution
		Debug|Any CPU = Debug|Any CPU
		Release|Any CPU = Release|Any CPU
	EndGlobalSection
	GlobalSection(ProjectConfigurationPlatforms) = postSolution
		{63B31B7A-9F25-46DA-8ADD-53DBD5943598}.Debug|Any CPU.ActiveCfg = Debug|Any CPU
		{63B31B7A-9F25-46DA-8ADD-53DBD5943598}.Debug|Any CPU.Build.0 = Debug|Any CPU
		{63B31B7A-9F25-46DA-8ADD-53DBD5943598}.Release|Any CPU.ActiveCfg = Release|Any CPU
		{63B31B7A-9F25-46DA-8ADD-53DBD5943598}.Release|Any CPU.Build.0 = Release|Any CPU
		{8F00BD49-7425-481E-9634-1F51C027210B}.Debug|Any CPU.ActiveCfg = Debug|Any CPU
		{8F00BD49-7425-481E-9634-1F51C027210B}.Debug|Any CPU.Build.0 = Debug|Any CPU
		{8F00BD49-7425-481E-9634-1F51C027210B}.Release|Any CPU.ActiveCfg = Release|Any CPU
		{8F00BD49-7425-481E-9634-1F51C027210B}.Release|Any CPU.Build.0 = Release|Any CPU
	EndGlobalSection
	GlobalSection(SolutionProperties) = preSolution
		HideSolutionNode = FALSE
	EndGlobalSection
EndGlobal
